PODS:
  - SDWebImage (4.3.2):
    - SDWebImage/Core (= 4.3.2)
  - SDWebImage/Core (4.3.2)
  - ZYInfiniteLoopView (1.0.0):
    - SDWebImage

DEPENDENCIES:
  - SDWebImage
  - ZYInfiniteLoopView (from `../`)

EXTERNAL SOURCES:
  ZYInfiniteLoopView:
    :path: ../

SPEC CHECKSUMS:
  SDWebImage: 29bd3c0bc1f01e5eb59720847c64ad4c4ca1af5d
  ZYInfiniteLoopView: bfe7065c588e8b76f09c79b58dbb13f68af39bff

PODFILE CHECKSUM: f2a2280b7574b3b1f1f33d832547c7621d82334b

COCOAPODS: 1.4.0
